
Microsoft Visual Studio Solution File, Format Version 12.00
# Visual Studio Version 16
VisualStudioVersion = 25.0.1705.4
MinimumVisualStudioVersion = 10.0.40219.1
Project("{FAE04EC0-301F-11D3-BF4B-00C04F79EFBC}") = "Basics", "Basics.csproj", "{CCBF3D29-801D-4628-A17B-5653CFB10E8A}"
EndProject
Global
	GlobalSection(SolutionConfigurationPlatforms) = preSolution
		Debug|Any CPU = Debug|Any CPU
		Release|Any CPU = Release|Any CPU
	EndGlobalSection
	GlobalSection(ProjectConfigurationPlatforms) = postSolution
		{CCBF3D29-801D-4628-A17B-5653CFB10E8A}.Debug|Any CPU.ActiveCfg = Debug|Any CPU
		{CCBF3D29-801D-4628-A17B-5653CFB10E8A}.Debug|Any CPU.Build.0 = Debug|Any CPU
		{CCBF3D29-801D-4628-A17B-5653CFB10E8A}.Release|Any CPU.ActiveCfg = Release|Any CPU
		{CCBF3D29-801D-4628-A17B-5653CFB10E8A}.Release|Any CPU.Build.0 = Release|Any CPU
	EndGlobalSection
	GlobalSection(SolutionProperties) = preSolution
		HideSolutionNode = FALSE
	EndGlobalSection
	GlobalSection(ExtensibilityGlobals) = postSolution
		SolutionGuid = {E45BB6EE-955A-4479-BEFE-D279130DB387}
	EndGlobalSection
EndGlobal
